// !$*UTF8*$!
{
	archiveVersion = 1;
	classes = {
	};
	objectVersion = 48;
	objects = {

/* Begin PBXBuildFile section */
		2205FBD42170AEAA00817E5E /* StudentTableViewCell.swift in Sources */ = {isa = PBXBuildFile; fileRef = 2205FBD32170AEAA00817E5E /* StudentTableViewCell.swift */; };
		6AAD9C9A2154ED410047053D /* AppDelegate.swift in Sources */ = {isa = PBXBuildFile; fileRef = 6AAD9C992154ED410047053D /* AppDelegate.swift */; };
		6AAD9C9C2154ED410047053D /* ViewController.swift in Sources */ = {isa = PBXBuildFile; fileRef = 6AAD9C9B2154ED410047053D /* ViewController.swift */; };
		6AAD9C9F2154ED420047053D /* Main.storyboard in Resources */ = {isa = PBXBuildFile; fileRef = 6AAD9C9D2154ED420047053D /* Main.storyboard */; };
		6AAD9CA12154ED420047053D /* Assets.xcassets in Resources */ = {isa = PBXBuildFile; fileRef = 6AAD9CA02154ED420047053D /* Assets.xcassets */; };
		6AAD9CA42154ED420047053D /* LaunchScreen.storyboard in Resources */ = {isa = PBXBuildFile; fileRef = 6AAD9CA22154ED420047053D /* LaunchScreen.storyboard */; };
		6AAD9CAF2154ED420047053D /* StudentTableViewTests.swift in Sources */ = {isa = PBXBuildFile; fileRef = 6AAD9CAE2154ED420047053D /* StudentTableViewTests.swift */; };
		6AAD9CBA2154ED420047053D /* StudentTableViewUITests.swift in Sources */ = {isa = PBXBuildFile; fileRef = 6AAD9CB92154ED420047053D /* StudentTableViewUITests.swift */; };
		6AAD9CC82154EE410047053D /* Student.swift in Sources */ = {isa = PBXBuildFile; fileRef = 6AAD9CC72154EE410047053D /* Student.swift */; };
		6AAD9CCA2154F26A0047053D /* StudentData.swift in Sources */ = {isa = PBXBuildFile; fileRef = 6AAD9CC92154F26A0047053D /* StudentData.swift */; };
/* End PBXBuildFile section */

/* Begin PBXContainerItemProxy section */
		6AAD9CAB2154ED420047053D /* PBXContainerItemProxy */ = {
			isa = PBXContainerItemProxy;
			containerPortal = 6AAD9C8E2154ED410047053D /* Project object */;
			proxyType = 1;
			remoteGlobalIDString = 6AAD9C952154ED410047053D;
			remoteInfo = StudentTableView;
		};
		6AAD9CB62154ED420047053D /* PBXContainerItemProxy */ = {
			isa = PBXContainerItemProxy;
			containerPortal = 6AAD9C8E2154ED410047053D /* Project object */;
			proxyType = 1;
			remoteGlobalIDString = 6AAD9C952154ED410047053D;
			remoteInfo = StudentTableView;
		};
/* End PBXContainerItemProxy section */

/* Begin PBXFileReference section */
		2205FBD32170AEAA00817E5E /* StudentTableViewCell.swift */ = {isa = PBXFileReference; lastKnownFileType = sourcecode.swift; path = StudentTableViewCell.swift; sourceTree = "<group>"; };
		6AAD9C962154ED410047053D /* StudentTableView.app */ = {isa = PBXFileReference; explicitFileType = wrapper.application; includeInIndex = 0; path = StudentTableView.app; sourceTree = BUILT_PRODUCTS_DIR; };
		6AAD9C992154ED410047053D /* AppDelegate.swift */ = {isa = PBXFileReference; lastKnownFileType = sourcecode.swift; path = AppDelegate.swift; sourceTree = "<group>"; };
		6AAD9C9B2154ED410047053D /* ViewController.swift */ = {isa = PBXFileReference; lastKnownFileType = sourcecode.swift; path = ViewController.swift; sourceTree = "<group>"; };
		6AAD9C9E2154ED420047053D /* Base */ = {isa = PBXFileReference; lastKnownFileType = file.storyboard; name = Base; path = Base.lproj/Main.storyboard; sourceTree = "<group>"; };
		6AAD9CA02154ED420047053D /* Assets.xcassets */ = {isa = PBXFileReference; lastKnownFileType = folder.assetcatalog; path = Assets.xcassets; sourceTree = "<group>"; };
		6AAD9CA32154ED420047053D /* Base */ = {isa = PBXFileReference; lastKnownFileType = file.storyboard; name = Base; path = Base.lproj/LaunchScreen.storyboard; sourceTree = "<group>"; };
		6AAD9CA52154ED420047053D /* Info.plist */ = {isa = PBXFileReference; lastKnownFileType = text.plist.xml; path = Info.plist; sourceTree = "<group>"; };
		6AAD9CAA2154ED420047053D /* StudentTableViewTests.xctest */ = {isa = PBXFileReference; explicitFileType = wrapper.cfbundle; includeInIndex = 0; path = StudentTableViewTests.xctest; sourceTree = BUILT_PRODUCTS_DIR; };
		6AAD9CAE2154ED420047053D /* StudentTableViewTests.swift */ = {isa = PBXFileReference; lastKnownFileType = sourcecode.swift; path = StudentTableViewTests.swift; sourceTree = "<group>"; };
		6AAD9CB02154ED420047053D /* Info.plist */ = {isa = PBXFileReference; lastKnownFileType = text.plist.xml; path = Info.plist; sourceTree = "<group>"; };
		6AAD9CB52154ED420047053D /* StudentTableViewUITests.xctest */ = {isa = PBXFileReference; explicitFileType = wrapper.cfbundle; includeInIndex = 0; path = StudentTableViewUITests.xctest; sourceTree = BUILT_PRODUCTS_DIR; };
		6AAD9CB92154ED420047053D /* StudentTableViewUITests.swift */ = {isa = PBXFileReference; lastKnownFileType = sourcecode.swift; path = StudentTableViewUITests.swift; sourceTree = "<group>"; };
		6AAD9CBB2154ED420047053D /* Info.plist */ = {isa = PBXFileReference; lastKnownFileType = text.plist.xml; path = Info.plist; sourceTree = "<group>"; };
		6AAD9CC72154EE410047053D /* Student.swift */ = {isa = PBXFileReference; lastKnownFileType = sourcecode.swift; path = Student.swift; sourceTree = "<group>"; };
		6AAD9CC92154F26A0047053D /* StudentData.swift */ = {isa = PBXFileReference; lastKnownFileType = sourcecode.swift; path = StudentData.swift; sourceTree = "<group>"; };
/* End PBXFileReference section */

/* Begin PBXFrameworksBuildPhase section */
		6AAD9C932154ED410047053D /* Frameworks */ = {
			isa = PBXFrameworksBuildPhase;
			buildActionMask = 2147483647;
			files = (
			);
			runOnlyForDeploymentPostprocessing = 0;
		};
		6AAD9CA72154ED420047053D /* Frameworks */ = {
			isa = PBXFrameworksBuildPhase;
			buildActionMask = 2147483647;
			files = (
			);
			runOnlyForDeploymentPostprocessing = 0;
		};
		6AAD9CB22154ED420047053D /* Frameworks */ = {
			isa = PBXFrameworksBuildPhase;
			buildActionMask = 2147483647;
			files = (
			);
			runOnlyForDeploymentPostprocessing = 0;
		};
/* End PBXFrameworksBuildPhase section */

/* Begin PBXGroup section */
		6AAD9C8D2154ED410047053D = {
			isa = PBXGroup;
			children = (
				6AAD9C982154ED410047053D /* StudentTableView */,
				6AAD9CAD2154ED420047053D /* StudentTableViewTests */,
				6AAD9CB82154ED420047053D /* StudentTableViewUITests */,
				6AAD9C972154ED410047053D /* Products */,
			);
			sourceTree = "<group>";
		};
		6AAD9C972154ED410047053D /* Products */ = {
			isa = PBXGroup;
			children = (
				6AAD9C962154ED410047053D /* StudentTableView.app */,
				6AAD9CAA2154ED420047053D /* StudentTableViewTests.xctest */,
				6AAD9CB52154ED420047053D /* StudentTableViewUITests.xctest */,
			);
			name = Products;
			sourceTree = "<group>";
		};
		6AAD9C982154ED410047053D /* StudentTableView */ = {
			isa = PBXGroup;
			children = (
				6AAD9C992154ED410047053D /* AppDelegate.swift */,
				6AAD9C9B2154ED410047053D /* ViewController.swift */,
				6AAD9C9D2154ED420047053D /* Main.storyboard */,
				6AAD9CA02154ED420047053D /* Assets.xcassets */,
				6AAD9CA22154ED420047053D /* LaunchScreen.storyboard */,
				6AAD9CA52154ED420047053D /* Info.plist */,
				6AAD9CC72154EE410047053D /* Student.swift */,
				6AAD9CC92154F26A0047053D /* StudentData.swift */,
				2205FBD32170AEAA00817E5E /* StudentTableViewCell.swift */,
			);
			path = StudentTableView;
			sourceTree = "<group>";
		};
		6AAD9CAD2154ED420047053D /* StudentTableViewTests */ = {
			isa = PBXGroup;
			children = (
				6AAD9CAE2154ED420047053D /* StudentTableViewTests.swift */,
				6AAD9CB02154ED420047053D /* Info.plist */,
			);
			path = StudentTableViewTests;
			sourceTree = "<group>";
		};
		6AAD9CB82154ED420047053D /* StudentTableViewUITests */ = {
			isa = PBXGroup;
			children = (
				6AAD9CB92154ED420047053D /* StudentTableViewUITests.swift */,
				6AAD9CBB2154ED420047053D /* Info.plist */,
			);
			path = StudentTableViewUITests;
			sourceTree = "<group>";
		};
/* End PBXGroup section */

/* Begin PBXNativeTarget section */
		6AAD9C952154ED410047053D /* StudentTableView */ = {
			isa = PBXNativeTarget;
			buildConfigurationList = 6AAD9CBE2154ED420047053D /* Build configuration list for PBXNativeTarget "StudentTableView" */;
			buildPhases = (
				6AAD9C922154ED410047053D /* Sources */,
				6AAD9C932154ED410047053D /* Frameworks */,
				6AAD9C942154ED410047053D /* Resources */,
			);
			buildRules = (
			);
			dependencies = (
			);
			name = StudentTableView;
			productName = StudentTableView;
			productReference = 6AAD9C962154ED410047053D /* StudentTableView.app */;
			productType = "com.apple.product-type.application";
		};
		6AAD9CA92154ED420047053D /* StudentTableViewTests */ = {
			isa = PBXNativeTarget;
			buildConfigurationList = 6AAD9CC12154ED420047053D /* Build configuration list for PBXNativeTarget "StudentTableViewTests" */;
			buildPhases = (
				6AAD9CA62154ED420047053D /* Sources */,
				6AAD9CA72154ED420047053D /* Frameworks */,
				6AAD9CA82154ED420047053D /* Resources */,
			);
			buildRules = (
			);
			dependencies = (
				6AAD9CAC2154ED420047053D /* PBXTargetDependency */,
			);
			name = StudentTableViewTests;
			productName = StudentTableViewTests;
			productReference = 6AAD9CAA2154ED420047053D /* StudentTableViewTests.xctest */;
			productType = "com.apple.product-type.bundle.unit-test";
		};
		6AAD9CB42154ED420047053D /* StudentTableViewUITests */ = {
			isa = PBXNativeTarget;
			buildConfigurationList = 6AAD9CC42154ED420047053D /* Build configuration list for PBXNativeTarget "StudentTableViewUITests" */;
			buildPhases = (
				6AAD9CB12154ED420047053D /* Sources */,
				6AAD9CB22154ED420047053D /* Frameworks */,
				6AAD9CB32154ED420047053D /* Resources */,
			);
			buildRules = (
			);
			dependencies = (
				6AAD9CB72154ED420047053D /* PBXTargetDependency */,
			);
			name = StudentTableViewUITests;
			productName = StudentTableViewUITests;
			productReference = 6AAD9CB52154ED420047053D /* StudentTableViewUITests.xctest */;
			productType = "com.apple.product-type.bundle.ui-testing";
		};
/* End PBXNativeTarget section */

/* Begin PBXProject section */
		6AAD9C8E2154ED410047053D /* Project object */ = {
			isa = PBXProject;
			attributes = {
				LastSwiftUpdateCheck = 0900;
				LastUpgradeCheck = 0900;
				ORGANIZATIONNAME = "iOS Dev";
				TargetAttributes = {
					6AAD9C952154ED410047053D = {
						CreatedOnToolsVersion = 9.0;
						ProvisioningStyle = Automatic;
					};
					6AAD9CA92154ED420047053D = {
						CreatedOnToolsVersion = 9.0;
						ProvisioningStyle = Automatic;
						TestTargetID = 6AAD9C952154ED410047053D;
					};
					6AAD9CB42154ED420047053D = {
						CreatedOnToolsVersion = 9.0;
						ProvisioningStyle = Automatic;
						TestTargetID = 6AAD9C952154ED410047053D;
					};
				};
			};
			buildConfigurationList = 6AAD9C912154ED410047053D /* Build configuration list for PBXProject "StudentTableView" */;
			compatibilityVersion = "Xcode 8.0";
			developmentRegion = en;
			hasScannedForEncodings = 0;
			knownRegions = (
				en,
				Base,
			);
			mainGroup = 6AAD9C8D2154ED410047053D;
			productRefGroup = 6AAD9C972154ED410047053D /* Products */;
			projectDirPath = "";
			projectRoot = "";
			targets = (
				6AAD9C952154ED410047053D /* StudentTableView */,
				6AAD9CA92154ED420047053D /* StudentTableViewTests */,
				6AAD9CB42154ED420047053D /* StudentTableViewUITests */,
			);
		};
/* End PBXProject section */

/* Begin PBXResourcesBuildPhase section */
		6AAD9C942154ED410047053D /* Resources */ = {
			isa = PBXResourcesBuildPhase;
			buildActionMask = 2147483647;
			files = (
				6AAD9CA42154ED420047053D /* LaunchScreen.storyboard in Resources */,
				6AAD9CA12154ED420047053D /* Assets.xcassets in Resources */,
				6AAD9C9F2154ED420047053D /* Main.storyboard in Resources */,
			);
			runOnlyForDeploymentPostprocessing = 0;
		};
		6AAD9CA82154ED420047053D /* Resources */ = {
			isa = PBXResourcesBuildPhase;
			buildActionMask = 2147483647;
			files = (
			);
			runOnlyForDeploymentPostprocessing = 0;
		};
		6AAD9CB32154ED420047053D /* Resources */ = {
			isa = PBXResourcesBuildPhase;
			buildActionMask = 2147483647;
			files = (
			);
			runOnlyForDeploymentPostprocessing = 0;
		};
/* End PBXResourcesBuildPhase section */

/* Begin PBXSourcesBuildPhase section */
		6AAD9C922154ED410047053D /* Sources */ = {
			isa = PBXSourcesBuildPhase;
			buildActionMask = 2147483647;
			files = (
				6AAD9C9C2154ED410047053D /* ViewController.swift in Sources */,
				2205FBD42170AEAA00817E5E /* StudentTableViewCell.swift in Sources */,
				6AAD9CCA2154F26A0047053D /* StudentData.swift in Sources */,
				6AAD9CC82154EE410047053D /* Student.swift in Sources */,
				6AAD9C9A2154ED410047053D /* AppDelegate.swift in Sources */,
			);
			runOnlyForDeploymentPostprocessing = 0;
		};
		6AAD9CA62154ED420047053D /* Sources */ = {
			isa = PBXSourcesBuildPhase;
			buildActionMask = 2147483647;
			files = (
				6AAD9CAF2154ED420047053D /* StudentTableViewTests.swift in Sources */,
			);
			runOnlyForDeploymentPostprocessing = 0;
		};
		6AAD9CB12154ED420047053D /* Sources */ = {
			isa = PBXSourcesBuildPhase;
			buildActionMask = 2147483647;
			files = (
				6AAD9CBA2154ED420047053D /* StudentTableViewUITests.swift in Sources */,
			);
			runOnlyForDeploymentPostprocessing = 0;
		};
/* End PBXSourcesBuildPhase section */

/* Begin PBXTargetDependency section */
		6AAD9CAC2154ED420047053D /* PBXTargetDependency */ = {
			isa = PBXTargetDependency;
			target = 6AAD9C952154ED410047053D /* StudentTableView */;
			targetProxy = 6AAD9CAB2154ED420047053D /* PBXContainerItemProxy */;
		};
		6AAD9CB72154ED420047053D /* PBXTargetDependency */ = {
			isa = PBXTargetDependency;
			target = 6AAD9C952154ED410047053D /* StudentTableView */;
			targetProxy = 6AAD9CB62154ED420047053D /* PBXContainerItemProxy */;
		};
/* End PBXTargetDependency section */

/* Begin PBXVariantGroup section */
		6AAD9C9D2154ED420047053D /* Main.storyboard */ = {
			isa = PBXVariantGroup;
			children = (
				6AAD9C9E2154ED420047053D /* Base */,
			);
			name = Main.storyboard;
			sourceTree = "<group>";
		};
		6AAD9CA22154ED420047053D /* LaunchScreen.storyboard */ = {
			isa = PBXVariantGroup;
			children = (
				6AAD9CA32154ED420047053D /* Base */,
			);
			name = LaunchScreen.storyboard;
			sourceTree = "<group>";
		};
/* End PBXVariantGroup section */

/* Begin XCBuildConfiguration section */
		6AAD9CBC2154ED420047053D /* Debug */ = {
			isa = XCBuildConfiguration;
			buildSettings = {
				ALWAYS_SEARCH_USER_PATHS = NO;
				CLANG_ANALYZER_NONNULL = YES;
				CLANG_ANALYZER_NUMBER_OBJECT_CONVERSION = YES_AGGRESSIVE;
				CLANG_CXX_LANGUAGE_STANDARD = "gnu++14";
				CLANG_CXX_LIBRARY = "libc++";
				CLANG_ENABLE_MODULES = YES;
				CLANG_ENABLE_OBJC_ARC = YES;
				CLANG_WARN_BLOCK_CAPTURE_AUTORELEASING = YES;
				CLANG_WARN_BOOL_CONVERSION = YES;
				CLANG_WARN_COMMA = YES;
				CLANG_WARN_CONSTANT_CONVERSION = YES;
				CLANG_WARN_DIRECT_OBJC_ISA_USAGE = YES_ERROR;
				CLANG_WARN_DOCUMENTATION_COMMENTS = YES;
				CLANG_WARN_EMPTY_BODY = YES;
				CLANG_WARN_ENUM_CONVERSION = YES;
				CLANG_WARN_INFINITE_RECURSION = YES;
				CLANG_WARN_INT_CONVERSION = YES;
				CLANG_WARN_NON_LITERAL_NULL_CONVERSION = YES;
				CLANG_WARN_OBJC_LITERAL_CONVERSION = YES;
				CLANG_WARN_OBJC_ROOT_CLASS = YES_ERROR;
				CLANG_WARN_RANGE_LOOP_ANALYSIS = YES;
				CLANG_WARN_STRICT_PROTOTYPES = YES;
				CLANG_WARN_SUSPICIOUS_MOVE = YES;
				CLANG_WARN_UNGUARDED_AVAILABILITY = YES_AGGRESSIVE;
				CLANG_WARN_UNREACHABLE_CODE = YES;
				CLANG_WARN__DUPLICATE_METHOD_MATCH = YES;
				CODE_SIGN_IDENTITY = "iPhone Developer";
				COPY_PHASE_STRIP = NO;
				DEBUG_INFORMATION_FORMAT = dwarf;
				ENABLE_STRICT_OBJC_MSGSEND = YES;
				ENABLE_TESTABILITY = YES;
				GCC_C_LANGUAGE_STANDARD = gnu11;
				GCC_DYNAMIC_NO_PIC = NO;
				GCC_NO_COMMON_BLOCKS = YES;
				GCC_OPTIMIZATION_LEVEL = 0;
				GCC_PREPROCESSOR_DEFINITIONS = (
					"DEBUG=1",
					"$(inherited)",
				);
				GCC_WARN_64_TO_32_BIT_CONVERSION = YES;
				GCC_WARN_ABOUT_RETURN_TYPE = YES_ERROR;
				GCC_WARN_UNDECLARED_SELECTOR = YES;
				GCC_WARN_UNINITIALIZED_AUTOS = YES_AGGRESSIVE;
				GCC_WARN_UNUSED_FUNCTION = YES;
				GCC_WARN_UNUSED_VARIABLE = YES;
				IPHONEOS_DEPLOYMENT_TARGET = 11.0;
				MTL_ENABLE_DEBUG_INFO = YES;
				ONLY_ACTIVE_ARCH = YES;
				SDKROOT = iphoneos;
				SWIFT_ACTIVE_COMPILATION_CONDITIONS = DEBUG;
				SWIFT_OPTIMIZATION_LEVEL = "-Onone";
			};
			name = Debug;
		};
		6AAD9CBD2154ED420047053D /* Release */ = {
			isa = XCBuildConfiguration;
			buildSettings = {
				ALWAYS_SEARCH_USER_PATHS = NO;
				CLANG_ANALYZER_NONNULL = YES;
				CLANG_ANALYZER_NUMBER_OBJECT_CONVERSION = YES_AGGRESSIVE;
				CLANG_CXX_LANGUAGE_STANDARD = "gnu++14";
				CLANG_CXX_LIBRARY = "libc++";
				CLANG_ENABLE_MODULES = YES;
				CLANG_ENABLE_OBJC_ARC = YES;
				CLANG_WARN_BLOCK_CAPTURE_AUTORELEASING = YES;
				CLANG_WARN_BOOL_CONVERSION = YES;
				CLANG_WARN_COMMA = YES;
				CLANG_WARN_CONSTANT_CONVERSION = YES;
				CLANG_WARN_DIRECT_OBJC_ISA_USAGE = YES_ERROR;
				CLANG_WARN_DOCUMENTATION_COMMENTS = YES;
				CLANG_WARN_EMPTY_BODY = YES;
				CLANG_WARN_ENUM_CONVERSION = YES;
				CLANG_WARN_INFINITE_RECURSION = YES;
				CLANG_WARN_INT_CONVERSION = YES;
				CLANG_WARN_NON_LITERAL_NULL_CONVERSION = YES;
				CLANG_WARN_OBJC_LITERAL_CONVERSION = YES;
				CLANG_WARN_OBJC_ROOT_CLASS = YES_ERROR;
				CLANG_WARN_RANGE_LOOP_ANALYSIS = YES;
				CLANG_WARN_STRICT_PROTOTYPES = YES;
				CLANG_WARN_SUSPICIOUS_MOVE = YES;
				CLANG_WARN_UNGUARDED_AVAILABILITY = YES_AGGRESSIVE;
				CLANG_WARN_UNREACHABLE_CODE = YES;
				CLANG_WARN__DUPLICATE_METHOD_MATCH = YES;
				CODE_SIGN_IDENTITY = "iPhone Developer";
				COPY_PHASE_STRIP = NO;
				DEBUG_INFORMATION_FORMAT = "dwarf-with-dsym";
				ENABLE_NS_ASSERTIONS = NO;
				ENABLE_STRICT_OBJC_MSGSEND = YES;
				GCC_C_LANGUAGE_STANDARD = gnu11;
				GCC_NO_COMMON_BLOCKS = YES;
				GCC_WARN_64_TO_32_BIT_CONVERSION = YES;
				GCC_WARN_ABOUT_RETURN_TYPE = YES_ERROR;
				GCC_WARN_UNDECLARED_SELECTOR = YES;
				GCC_WARN_UNINITIALIZED_AUTOS = YES_AGGRESSIVE;
				GCC_WARN_UNUSED_FUNCTION = YES;
				GCC_WARN_UNUSED_VARIABLE = YES;
				IPHONEOS_DEPLOYMENT_TARGET = 11.0;
				MTL_ENABLE_DEBUG_INFO = NO;
				SDKROOT = iphoneos;
				SWIFT_OPTIMIZATION_LEVEL = "-Owholemodule";
				VALIDATE_PRODUCT = YES;
			};
			name = Release;
		};
		6AAD9CBF2154ED420047053D /* Debug */ = {
			isa = XCBuildConfiguration;
			buildSettings = {
				ASSETCATALOG_COMPILER_APPICON_NAME = AppIcon;
				CODE_SIGN_STYLE = Automatic;
				DEVELOPMENT_TEAM = 89ST658N5L;
				INFOPLIST_FILE = StudentTableView/Info.plist;
				LD_RUNPATH_SEARCH_PATHS = "$(inherited) @executable_path/Frameworks";
				PRODUCT_BUNDLE_IDENTIFIER = th.ac.ku.sci.cs.StudentTableView;
				PRODUCT_NAME = "$(TARGET_NAME)";
				SWIFT_VERSION = 4.0;
				TARGETED_DEVICE_FAMILY = "1,2";
			};
			name = Debug;
		};
		6AAD9CC02154ED420047053D /* Release */ = {
			isa = XCBuildConfiguration;
			buildSettings = {
				ASSETCATALOG_COMPILER_APPICON_NAME = AppIcon;
				CODE_SIGN_STYLE = Automatic;
				DEVELOPMENT_TEAM = 89ST658N5L;
				INFOPLIST_FILE = StudentTableView/Info.plist;
				LD_RUNPATH_SEARCH_PATHS = "$(inherited) @executable_path/Frameworks";
				PRODUCT_BUNDLE_IDENTIFIER = th.ac.ku.sci.cs.StudentTableView;
				PRODUCT_NAME = "$(TARGET_NAME)";
				SWIFT_VERSION = 4.0;
				TARGETED_DEVICE_FAMILY = "1,2";
			};
			name = Release;
		};
		6AAD9CC22154ED420047053D /* Debug */ = {
			isa = XCBuildConfiguration;
			buildSettings = {
				ALWAYS_EMBED_SWIFT_STANDARD_LIBRARIES = YES;
				BUNDLE_LOADER = "$(TEST_HOST)";
				CODE_SIGN_STYLE = Automatic;
				DEVELOPMENT_TEAM = 89ST658N5L;
				INFOPLIST_FILE = StudentTableViewTests/Info.plist;
				LD_RUNPATH_SEARCH_PATHS = "$(inherited) @executable_path/Frameworks @loader_path/Frameworks";
				PRODUCT_BUNDLE_IDENTIFIER = th.ac.ku.sci.cs.StudentTableViewTests;
				PRODUCT_NAME = "$(TARGET_NAME)";
				SWIFT_VERSION = 4.0;
				TARGETED_DEVICE_FAMILY = "1,2";
				TEST_HOST = "$(BUILT_PRODUCTS_DIR)/StudentTableView.app/StudentTableView";
			};
			name = Debug;
		};
		6AAD9CC32154ED420047053D /* Release */ = {
			isa = XCBuildConfiguration;
			buildSettings = {
				ALWAYS_EMBED_SWIFT_STANDARD_LIBRARIES = YES;
				BUNDLE_LOADER = "$(TEST_HOST)";
				CODE_SIGN_STYLE = Automatic;
				DEVELOPMENT_TEAM = 89ST658N5L;
				INFOPLIST_FILE = StudentTableViewTests/Info.plist;
				LD_RUNPATH_SEARCH_PATHS = "$(inherited) @executable_path/Frameworks @loader_path/Frameworks";
				PRODUCT_BUNDLE_IDENTIFIER = th.ac.ku.sci.cs.StudentTableViewTests;
				PRODUCT_NAME = "$(TARGET_NAME)";
				SWIFT_VERSION = 4.0;
				TARGETED_DEVICE_FAMILY = "1,2";
				TEST_HOST = "$(BUILT_PRODUCTS_DIR)/StudentTableView.app/StudentTableView";
			};
			name = Release;
		};
		6AAD9CC52154ED420047053D /* Debug */ = {
			isa = XCBuildConfiguration;
			buildSettings = {
				ALWAYS_EMBED_SWIFT_STANDARD_LIBRARIES = YES;
				CODE_SIGN_STYLE = Automatic;
				DEVELOPMENT_TEAM = 89ST658N5L;
				INFOPLIST_FILE = StudentTableViewUITests/Info.plist;
				LD_RUNPATH_SEARCH_PATHS = "$(inherited) @executable_path/Frameworks @loader_path/Frameworks";
				PRODUCT_BUNDLE_IDENTIFIER = th.ac.ku.sci.cs.StudentTableViewUITests;
				PRODUCT_NAME = "$(TARGET_NAME)";
				SWIFT_VERSION = 4.0;
				TARGETED_DEVICE_FAMILY = "1,2";
				TEST_TARGET_NAME = StudentTableView;
			};
			name = Debug;
		};
		6AAD9CC62154ED420047053D /* Release */ = {
			isa = XCBuildConfiguration;
			buildSettings = {
				ALWAYS_EMBED_SWIFT_STANDARD_LIBRARIES = YES;
				CODE_SIGN_STYLE = Automatic;
				DEVELOPMENT_TEAM = 89ST658N5L;
				INFOPLIST_FILE = StudentTableViewUITests/Info.plist;
				LD_RUNPATH_SEARCH_PATHS = "$(inherited) @executable_path/Frameworks @loader_path/Frameworks";
				PRODUCT_BUNDLE_IDENTIFIER = th.ac.ku.sci.cs.StudentTableViewUITests;
				PRODUCT_NAME = "$(TARGET_NAME)";
				SWIFT_VERSION = 4.0;
				TARGETED_DEVICE_FAMILY = "1,2";
				TEST_TARGET_NAME = StudentTableView;
			};
			name = Release;
		};
/* End XCBuildConfiguration section */

/* Begin XCConfigurationList section */
		6AAD9C912154ED410047053D /* Build configuration list for PBXProject "StudentTableView" */ = {
			isa = XCConfigurationList;
			buildConfigurations = (
				6AAD9CBC2154ED420047053D /* Debug */,
				6AAD9CBD2154ED420047053D /* Release */,
			);
			defaultConfigurationIsVisible = 0;
			defaultConfigurationName = Release;
		};
		6AAD9CBE2154ED420047053D /* Build configuration list for PBXNativeTarget "StudentTableView" */ = {
			isa = XCConfigurationList;
			buildConfigurations = (
				6AAD9CBF2154ED420047053D /* Debug */,
				6AAD9CC02154ED420047053D /* Release */,
			);
			defaultConfigurationIsVisible = 0;
			defaultConfigurationName = Release;
		};
		6AAD9CC12154ED420047053D /* Build configuration list for PBXNativeTarget "StudentTableViewTests" */ = {
			isa = XCConfigurationList;
			buildConfigurations = (
				6AAD9CC22154ED420047053D /* Debug */,
				6AAD9CC32154ED420047053D /* Release */,
			);
			defaultConfigurationIsVisible = 0;
			defaultConfigurationName = Release;
		};
		6AAD9CC42154ED420047053D /* Build configuration list for PBXNativeTarget "StudentTableViewUITests" */ = {
			isa = XCConfigurationList;
			buildConfigurations = (
				6AAD9CC52154ED420047053D /* Debug */,
				6AAD9CC62154ED420047053D /* Release */,
			);
			defaultConfigurationIsVisible = 0;
			defaultConfigurationName = Release;
		};
/* End XCConfigurationList section */
	};
	rootObject = 6AAD9C8E2154ED410047053D /* Project object */;
}
